Microsoft Visual Studio Solution File, Format Version 12.00
# Visual Studio Version 17
VisualStudioVersion = 17.5.2.0
MinimumVisualStudioVersion = 10.0.40219.1
Project("{2150E333-8FDC-42A3-9474-1A3956D46DE8}") = "src", "src", "{827E0CD3-B72D-47B6-A68D-7590B98EB39B}"
EndProject
Project("{2150E333-8FDC-42A3-9474-1A3956D46DE8}") = "Labs", "Labs", "{287E3DF6-DD6F-B28C-AAFD-72E9493F2BD1}"
EndProject
Project("{2150E333-8FDC-42A3-9474-1A3956D46DE8}") = "CleanArchitecture", "CleanArchitecture", "{4CDFB4CF-FD93-7AD5-1650-CC761F6FC138}"
EndProject
Project("{FAE04EC0-301F-11D3-BF4B-00C04F79EFBC}") = "VK.Lab.CleanArchitecture", "src\Labs\CleanArchitecture\VK.Lab.CleanArchitecture.csproj", "{C8DA562A-2ADB-7A6D-4CFB-D022D1890ABD}"
EndProject
Project("{2150E333-8FDC-42A3-9474-1A3956D46DE8}") = "LayeredArchitecture", "LayeredArchitecture", "{6FBC7BCC-CF69-2988-0A76-AD8A814A9AFC}"
EndProject
Project("{FAE04EC0-301F-11D3-BF4B-00C04F79EFBC}") = "VK.Lab.LayeredArchitecture", "src\Labs\LayeredArchitecture\VK.Lab.LayeredArchitecture.csproj", "{9469C2E7-F0D8-C830-A5B2-EEF27FB5BBC0}"
EndProject
Project("{2150E333-8FDC-42A3-9474-1A3956D46DE8}") = "BuildingBlocks", "BuildingBlocks", "{90298CBA-BD6F-3A0A-69D5-97CAD7B05E7E}"
EndProject
Project("{FAE04EC0-301F-11D3-BF4B-00C04F79EFBC}") = "VK.Blocks.Common", "src\BuildingBlocks\Common\VK.Blocks.Common.csproj", "{F878D8AF-923A-4DA9-8C4B-26DE6CB2E8B6}"
EndProject
Project("{2150E333-8FDC-42A3-9474-1A3956D46DE8}") = "Persistence", "Persistence", "{321AF068-5B3E-4E67-835C-9EF6C13F6F89}"
EndProject
Project("{FAE04EC0-301F-11D3-BF4B-00C04F79EFBC}") = "VK.Blocks.Persistence.EFCore", "src\BuildingBlocks\Persistence\EFCore\VK.Blocks.Persistence.EFCore.csproj", "{06FDFC17-813E-4758-BE68-51716C3C9A84}"
EndProject
Project("{FAE04EC0-301F-11D3-BF4B-00C04F79EFBC}") = "VK.Blocks.Persistence.EFCore.AutoMapper", "src\BuildingBlocks\Persistence\EFCore.AutoMapper\VK.Blocks.Persistence.EFCore.AutoMapper.csproj", "{9FAD126F-D9BF-4532-867D-6E1DCBC2D8AC}"
EndProject
Global
	GlobalSection(SolutionConfigurationPlatforms) = preSolution
		Debug|Any CPU = Debug|Any CPU
		Release|Any CPU = Release|Any CPU
	EndGlobalSection
	GlobalSection(ProjectConfigurationPlatforms) = postSolution
		{C8DA562A-2ADB-7A6D-4CFB-D022D1890ABD}.Debug|Any CPU.ActiveCfg = Debug|Any CPU
		{C8DA562A-2ADB-7A6D-4CFB-D022D1890ABD}.Debug|Any CPU.Build.0 = Debug|Any CPU
		{C8DA562A-2ADB-7A6D-4CFB-D022D1890ABD}.Release|Any CPU.ActiveCfg = Release|Any CPU
		{C8DA562A-2ADB-7A6D-4CFB-D022D1890ABD}.Release|Any CPU.Build.0 = Release|Any CPU
		{9469C2E7-F0D8-C830-A5B2-EEF27FB5BBC0}.Debug|Any CPU.ActiveCfg = Debug|Any CPU
		{9469C2E7-F0D8-C830-A5B2-EEF27FB5BBC0}.Debug|Any CPU.Build.0 = Debug|Any CPU
		{9469C2E7-F0D8-C830-A5B2-EEF27FB5BBC0}.Release|Any CPU.ActiveCfg = Release|Any CPU
		{9469C2E7-F0D8-C830-A5B2-EEF27FB5BBC0}.Release|Any CPU.Build.0 = Release|Any CPU
		{F878D8AF-923A-4DA9-8C4B-26DE6CB2E8B6}.Debug|Any CPU.ActiveCfg = Debug|Any CPU
		{F878D8AF-923A-4DA9-8C4B-26DE6CB2E8B6}.Debug|Any CPU.Build.0 = Debug|Any CPU
		{F878D8AF-923A-4DA9-8C4B-26DE6CB2E8B6}.Release|Any CPU.ActiveCfg = Release|Any CPU
		{F878D8AF-923A-4DA9-8C4B-26DE6CB2E8B6}.Release|Any CPU.Build.0 = Release|Any CPU
		{06FDFC17-813E-4758-BE68-51716C3C9A84}.Debug|Any CPU.ActiveCfg = Debug|Any CPU
		{06FDFC17-813E-4758-BE68-51716C3C9A84}.Debug|Any CPU.Build.0 = Debug|Any CPU
		{06FDFC17-813E-4758-BE68-51716C3C9A84}.Release|Any CPU.ActiveCfg = Release|Any CPU
		{06FDFC17-813E-4758-BE68-51716C3C9A84}.Release|Any CPU.Build.0 = Release|Any CPU
		{9FAD126F-D9BF-4532-867D-6E1DCBC2D8AC}.Debug|Any CPU.ActiveCfg = Debug|Any CPU
		{9FAD126F-D9BF-4532-867D-6E1DCBC2D8AC}.Debug|Any CPU.Build.0 = Debug|Any CPU
		{9FAD126F-D9BF-4532-867D-6E1DCBC2D8AC}.Release|Any CPU.ActiveCfg = Release|Any CPU
		{9FAD126F-D9BF-4532-867D-6E1DCBC2D8AC}.Release|Any CPU.Build.0 = Release|Any CPU
	EndGlobalSection
	GlobalSection(SolutionProperties) = preSolution
		HideSolutionNode = FALSE
	EndGlobalSection
	GlobalSection(NestedProjects) = preSolution
		{287E3DF6-DD6F-B28C-AAFD-72E9493F2BD1} = {827E0CD3-B72D-47B6-A68D-7590B98EB39B}
		{4CDFB4CF-FD93-7AD5-1650-CC761F6FC138} = {287E3DF6-DD6F-B28C-AAFD-72E9493F2BD1}
		{C8DA562A-2ADB-7A6D-4CFB-D022D1890ABD} = {4CDFB4CF-FD93-7AD5-1650-CC761F6FC138}
		{6FBC7BCC-CF69-2988-0A76-AD8A814A9AFC} = {287E3DF6-DD6F-B28C-AAFD-72E9493F2BD1}
		{9469C2E7-F0D8-C830-A5B2-EEF27FB5BBC0} = {6FBC7BCC-CF69-2988-0A76-AD8A814A9AFC}
		{90298CBA-BD6F-3A0A-69D5-97CAD7B05E7E} = {827E0CD3-B72D-47B6-A68D-7590B98EB39B}
		{F878D8AF-923A-4DA9-8C4B-26DE6CB2E8B6} = {90298CBA-BD6F-3A0A-69D5-97CAD7B05E7E}
		{321AF068-5B3E-4E67-835C-9EF6C13F6F89} = {90298CBA-BD6F-3A0A-69D5-97CAD7B05E7E}
		{06FDFC17-813E-4758-BE68-51716C3C9A84} = {321AF068-5B3E-4E67-835C-9EF6C13F6F89}
		{9FAD126F-D9BF-4532-867D-6E1DCBC2D8AC} = {321AF068-5B3E-4E67-835C-9EF6C13F6F89}
	EndGlobalSection
	GlobalSection(ExtensibilityGlobals) = postSolution
		SolutionGuid = {B89A6C49-4794-429A-8696-DDE4BE82A0D6}
	EndGlobalSection
EndGlobal
